[[package]]
category = "main"
description = "Python package for providing Mozilla's CA Bundle."
name = "certifi"
optional = false
python-versions = "*"
version = "2019.11.28"

[[package]]
category = "main"
description = "Universal encoding detector for Python 2 and 3"
name = "chardet"
optional = false
python-versions = "*"
version = "3.0.4"

[[package]]
category = "main"
description = "Composable command line interface toolkit"
name = "click"
optional = false
python-versions = ">=2.7, !=3.0.*, !=3.1.*, !=3.2.*, !=3.3.*"
version = "7.0"

[[package]]
category = "main"
description = "High-level FTP client library (virtual file system and more)"
name = "ftputil"
optional = false
python-versions = "*"
version = "3.4"

[[package]]
category = "main"
description = "MaxMind GeoIP2 API"
name = "geoip2"
optional = false
python-versions = ">=2.7, !=3.0.*, !=3.1.*, !=3.2.*, !=3.3.*, !=3.4.*"
version = "3.0.0"

[package.dependencies]
maxminddb = ">=1.5.2"
requests = ">=2.22.0"
urllib3 = ">=1.25.2"

[[package]]
category = "main"
description = "Internationalized Domain Names in Applications (IDNA)"
name = "idna"
optional = false
python-versions = ">=2.7, !=3.0.*, !=3.1.*, !=3.2.*, !=3.3.*"
version = "2.8"

[[package]]
category = "main"
description = "Reader for the MaxMind DB format"
name = "maxminddb"
optional = false
python-versions = ">=2.7, !=3.0.*, !=3.1.*, !=3.2.*, !=3.3.*, !=3.4.*"
version = "1.5.2"

[[package]]
category = "main"
description = "Cryptographic library for Python"
name = "pycryptodome"
optional = false
python-versions = ">=2.6, !=3.0.*, !=3.1.*, !=3.2.*, !=3.3.*"
version = "3.9.4"

[[package]]
category = "main"
description = "Python HTTP for Humans."
name = "requests"
optional = false
python-versions = ">=2.7, !=3.0.*, !=3.1.*, !=3.2.*, !=3.3.*, !=3.4.*"
version = "2.22.0"

[package.dependencies]
certifi = ">=2017.4.17"
chardet = ">=3.0.2,<3.1.0"
idna = ">=2.5,<2.9"
urllib3 = ">=1.21.1,<1.25.0 || >1.25.0,<1.25.1 || >1.25.1,<1.26"

[package.extras]
security = ["pyOpenSSL (>=0.14)", "cryptography (>=1.3.4)", "idna (>=2.0.0)"]
socks = ["PySocks (>=1.5.6,<1.5.7 || >1.5.7)", "win-inet-pton"]

[[package]]
category = "main"
description = "HTTP library with thread-safe connection pooling, file post, and more."
name = "urllib3"
optional = false
python-versions = ">=2.7, !=3.0.*, !=3.1.*, !=3.2.*, !=3.3.*, <4"
version = "1.25.7"

[package.extras]
brotli = ["brotlipy (>=0.6.0)"]
secure = ["pyOpenSSL (>=0.14)", "cryptography (>=1.3.4)", "idna (>=2.0.0)", "certifi", "ipaddress"]
socks = ["PySocks (>=1.5.6,<1.5.7 || >1.5.7,<2.0)"]

[metadata]
content-hash = "a6465a46021f3b747e065f901d772b07bf8ddf818471043b3dcf513027a8160f"
python-versions = "^3.8"

[metadata.files]
certifi = [
    {file = "certifi-2019.11.28-py2.py3-none-any.whl", hash = "sha256:017c25db2a153ce562900032d5bc68e9f191e44e9a0f762f373977de9df1fbb3"},
    {file = "certifi-2019.11.28.tar.gz", hash = "sha256:25b64c7da4cd7479594d035c08c2d809eb4aab3a26e5a990ea98cc450c320f1f"},
]
chardet = [
    {file = "chardet-3.0.4-py2.py3-none-any.whl", hash = "sha256:fc323ffcaeaed0e0a02bf4d117757b98aed530d9ed4531e3e15460124c106691"},
    {file = "chardet-3.0.4.tar.gz", hash = "sha256:84ab92ed1c4d4f16916e05906b6b75a6c0fb5db821cc65e70cbd64a3e2a5eaae"},
]
click = [
    {file = "Click-7.0-py2.py3-none-any.whl", hash = "sha256:2335065e6395b9e67ca716de5f7526736bfa6ceead690adf616d925bdc622b13"},
    {file = "Click-7.0.tar.gz", hash = "sha256:5b94b49521f6456670fdb30cd82a4eca9412788a93fa6dd6df72c94d5a8ff2d7"},
]
ftputil = [
    {file = "ftputil-3.4.tar.gz", hash = "sha256:374b01e174079e91babe2a462fbd6f6c00dbfbfa299dec04239ca4229fbf8762"},
]
geoip2 = [
    {file = "geoip2-3.0.0-py2.py3-none-any.whl", hash = "sha256:99ec12d2f1271a73a0a4a2b663fe6ce25fd02289c0a6bef05c0a1c3b30ee95a4"},
    {file = "geoip2-3.0.0.tar.gz", hash = "sha256:5869e987bc54c0d707264fec4710661332cc38d2dca5a7f9bb5362d0308e2ce0"},
]
idna = [
    {file = "idna-2.8-py2.py3-none-any.whl", hash = "sha256:ea8b7f6188e6fa117537c3df7da9fc686d485087abf6ac197f9c46432f7e4a3c"},
    {file = "idna-2.8.tar.gz", hash = "sha256:c357b3f628cf53ae2c4c05627ecc484553142ca23264e593d327bcde5e9c3407"},
]
maxminddb = [
    {file = "maxminddb-1.5.2.tar.gz", hash = "sha256:d0ce131d901eb11669996b49a59f410efd3da2c6dbe2c0094fe2fef8d85b6336"},
]
pycryptodome = [
    {file = "pycryptodome-3.9.4-cp27-cp27m-macosx_10_6_intel.whl", hash = "sha256:6c2720696b10ae356040e888bde1239b8957fe18885ccf5e7b4e8dec882f0856"},
    {file = "pycryptodome-3.9.4-cp27-cp27m-manylinux1_i686.whl", hash = "sha256:5c485ed6e9718ebcaa81138fa70ace9c563d202b56a8cee119b4085b023931f5"},
    {file = "pycryptodome-3.9.4-cp27-cp27m-manylinux1_x86_64.whl", hash = "sha256:56fdd0e425f1b8fd3a00b6d96351f86226674974814c50534864d0124d48871f"},
    {file = "pycryptodome-3.9.4-cp27-cp27m-win32.whl", hash = "sha256:2de33ed0a95855735d5a0fc0c39603314df9e78ee8bbf0baa9692fb46b3b8bbb"},
    {file = "pycryptodome-3.9.4-cp27-cp27m-win_amd64.whl", hash = "sha256:eec0689509389f19875f66ae8dedd59f982240cdab31b9f78a8dc266011df93a"},
    {file = "pycryptodome-3.9.4-cp27-cp27mu-manylinux1_i686.whl", hash = "sha256:68fab8455efcbfe87c5d75015476f9b606227ffe244d57bfd66269451706e899"},
    {file = "pycryptodome-3.9.4-cp27-cp27mu-manylinux1_x86_64.whl", hash = "sha256:4b9533d4166ca07abdd49ce9d516666b1df944997fe135d4b21ac376aa624aff"},
    {file = "pycryptodome-3.9.4-cp34-cp34m-manylinux1_i686.whl", hash = "sha256:d3fe3f33ad52bf0c19ee6344b695ba44ffbfa16f3c29ca61116b48d97bd970fb"},
    {file = "pycryptodome-3.9.4-cp34-cp34m-manylinux1_x86_64.whl", hash = "sha256:319e568baf86620b419d53063b18c216abf924875966efdfe06891b987196a45"},
    {file = "pycryptodome-3.9.4-cp34-cp34m-win32.whl", hash = "sha256:042ae873baadd0c33b4d699a5c5b976ade3233a979d972f98ca82314632d868c"},
    {file = "pycryptodome-3.9.4-cp34-cp34m-win_amd64.whl", hash = "sha256:a30f501bbb32e01a49ef9e09ca1260e5ab49bf33a257080ec553e08997acc487"},
    {file = "pycryptodome-3.9.4-cp35-cp35m-macosx_10_6_intel.whl", hash = "sha256:b55c60c321ac91945c60a40ac9896ac7a3d432bb3e8c14006dfd82ad5871c331"},
    {file = "pycryptodome-3.9.4-cp35-cp35m-manylinux1_i686.whl", hash = "sha256:9d9945ac8375d5d8e60bd2a2e1df5882eaa315522eedf3ca868b1546dfa34eba"},
    {file = "pycryptodome-3.9.4-cp35-cp35m-manylinux1_x86_64.whl", hash = "sha256:4372ec7518727172e1605c0843cdc5375d4771e447b8148c787b860260aae151"},
    {file = "pycryptodome-3.9.4-cp35-cp35m-win32.whl", hash = "sha256:0502876279772b1384b660ccc91563d04490d562799d8e2e06b411e2d81128a9"},
    {file = "pycryptodome-3.9.4-cp35-cp35m-win_amd64.whl", hash = "sha256:72166c2ac520a5dbd2d90208b9c279161ec0861662a621892bd52fb6ca13ab91"},
    {file = "pycryptodome-3.9.4-cp36-cp36m-macosx_10_6_intel.whl", hash = "sha256:b4af098f2a50f8d048ab12cabb59456585c0acf43d90ee79782d2d6d0ed59dba"},
    {file = "pycryptodome-3.9.4-cp36-cp36m-manylinux1_i686.whl", hash = "sha256:8a799bea3c6617736e914a2e77c409f52893d382f619f088f8a80e2e21f573c1"},
    {file = "pycryptodome-3.9.4-cp36-cp36m-manylinux1_x86_64.whl", hash = "sha256:7c52308ac5b834331b2f107a490b2c27de024a229b61df4cdc5c131d563dfe98"},
    {file = "pycryptodome-3.9.4-cp36-cp36m-win32.whl", hash = "sha256:63c103a22cbe9752f6ea9f1a0de129995bad91c4d03a66c67cffcf6ee0c9f1e1"},
    {file = "pycryptodome-3.9.4-cp36-cp36m-win_amd64.whl", hash = "sha256:54456cf85130e01674d21fb1ab89ffccacb138a8ade88d72fa2b0ac898d2798b"},
    {file = "pycryptodome-3.9.4-cp37-cp37m-macosx_10_6_intel.whl", hash = "sha256:aec4d42deb836b8fb3ba32f2ba1ef0d33dd3dc9d430b1479ee7a914490d15b5e"},
    {file = "pycryptodome-3.9.4-cp37-cp37m-manylinux1_i686.whl", hash = "sha256:896e9b6fd0762aa07b203c993fbbee7a1f1a4674c6886afd7bfa86f3d1be98a8"},
    {file = "pycryptodome-3.9.4-cp37-cp37m-manylinux1_x86_64.whl", hash = "sha256:57b1b707363490c495ad0eeb38bd1b0e1697c497af25fad78d3a1ebf0477fd5b"},
    {file = "pycryptodome-3.9.4-cp37-cp37m-win32.whl", hash = "sha256:87d8d85b4792ca5e730fb7a519fbc3ed976c59dcf79c5204589c59afd56b9926"},
    {file = "pycryptodome-3.9.4-cp37-cp37m-win_amd64.whl", hash = "sha256:e3a79a30d15d9c7c284a7734036ee8abdb5ca3a6f5774d293cdc9e1358c1dc10"},
    {file = "pycryptodome-3.9.4-cp38-cp38-macosx_10_9_x86_64.whl", hash = "sha256:48821950ffb9c836858d8fa09d7840b6df52eadd387a3c5acece55cb387743f9"},
    {file = "pycryptodome-3.9.4-cp38-cp38-manylinux1_i686.whl", hash = "sha256:cbfd97f9e060f0d30245cd29fa267a9a84de9da97559366fca0a3f7655acc63f"},
    {file = "pycryptodome-3.9.4-cp38-cp38-manylinux1_x86_64.whl", hash = "sha256:9ef966c727de942de3e41aa8462c4b7b4bca70f19af5a3f99e31376589c11aac"},
    {file = "pycryptodome-3.9.4-cp38-cp38-win32.whl", hash = "sha256:a8ca2450394d3699c9f15ef25e8de9a24b401933716a1e39d37fa01f5fe3c58b"},
    {file = "pycryptodome-3.9.4-cp38-cp38-win_amd64.whl", hash = "sha256:c53348358408d94869059e16fba5ff3bef8c52c25b18421472aba272b9bb450f"},
    {file = "pycryptodome-3.9.4.tar.gz", hash = "sha256:a168e73879619b467072509a223282a02c8047d932a48b74fbd498f27224aa04"},
]
requests = [
    {file = "requests-2.22.0-py2.py3-none-any.whl", hash = "sha256:9cf5292fcd0f598c671cfc1e0d7d1a7f13bb8085e9a590f48c010551dc6c4b31"},
    {file = "requests-2.22.0.tar.gz", hash = "sha256:11e007a8a2aa0323f5a921e9e6a2d7e4e67d9877e85773fba9ba6419025cbeb4"},
]
urllib3 = [
    {file = "urllib3-1.25.7-py2.py3-none-any.whl", hash = "sha256:a8a318824cc77d1fd4b2bec2ded92646630d7fe8619497b142c84a9e6f5a7293"},
    {file = "urllib3-1.25.7.tar.gz", hash = "sha256:f3c5fd51747d450d4dcf6f923c81f78f811aab8205fda64b0aba34a4e48b0745"},
]
